PODS:
  - Alamofire (4.5.1)
  - FLAnimatedImage (1.0.12)
  - KASlideShow (3.0.0):
    - SDWebImage (~> 3.8)
  - KDCircularProgress (1.5.2)
  - Kingfisher (4.0.1)
  - MBProgressHUD (1.0.0)
  - MZTimerLabel (0.5.4)
  - Realm (2.10.1):
    - Realm/Headers (= 2.10.1)
  - Realm/Headers (2.10.1)
  - RealmSwift (2.10.1):
    - Realm (= 2.10.1)
  - SDWebImage (3.8.2):
    - SDWebImage/Core (= 3.8.2)
  - SDWebImage/Core (3.8.2)
  - Shimmer (1.0.2)
  - SnapKit (4.0.0)
  - SwiftyMarkdown (0.5.0)
  - TagListView (1.3.0)
  - youtube-ios-player-helper (0.1.6)

DEPENDENCIES:
  - Alamofire (~> 4.5)
  - FLAnimatedImage
  - KASlideShow
  - KDCircularProgress (from `https://github.com/kaandedeoglu/KDCircularProgress.git`)
  - Kingfisher (~> 4.0)
  - MBProgressHUD (~> 1.0.0)
  - MZTimerLabel
  - RealmSwift (~> 2.10)
  - Shimmer
  - SnapKit (~> 4.0)
  - SwiftyMarkdown (from `https://github.com/SimonFairbairn/SwiftyMarkdown.git`)
  - TagListView (from `https://github.com/ElaWorkshop/TagListView.git`)
  - youtube-ios-player-helper (~> 0.1.4)

EXTERNAL SOURCES:
  KDCircularProgress:
    :git: https://github.com/kaandedeoglu/KDCircularProgress.git
  SwiftyMarkdown:
    :git: https://github.com/SimonFairbairn/SwiftyMarkdown.git
  TagListView:
    :git: https://github.com/ElaWorkshop/TagListView.git

CHECKOUT OPTIONS:
  KDCircularProgress:
    :commit: ba525189fb2dd2b3e0ebbd8ccac77bf2e5915739
    :git: https://github.com/kaandedeoglu/KDCircularProgress.git
  SwiftyMarkdown:
    :commit: 96e6ac313c4ebbe96eac7b13b7c1566d342246ac
    :git: https://github.com/SimonFairbairn/SwiftyMarkdown.git
  TagListView:
    :commit: 0f05c0a3f6e4c895157084dba9e9d181f8cfbb36
    :git: https://github.com/ElaWorkshop/TagListView.git

SPEC CHECKSUMS:
  Alamofire: 2d95912bf4c34f164fdfc335872e8c312acaea4a
  FLAnimatedImage: 4a0b56255d9b05f18b6dd7ee06871be5d3b89e31
  KASlideShow: d737c734ee603ed4fc7de09876d5193192e74ee4
  KDCircularProgress: 12f677b2deb02409ab48c6cae1898d146b8ad549
  Kingfisher: b771785e9461ed4b8686d40e7145f9e58100cb24
  MBProgressHUD: 4890f671c94e8a0f3cf959aa731e9de2f036d71a
  MZTimerLabel: cd9bfb9304540ef2a9e163384fca9c978f0dbf83
  Realm: fc7a317a5c2c9ba91f5f235ede4e2ea76e9eba0c
  RealmSwift: 505ed6c15942a2e76f5cfa78a8667cfa997ee75b
  SDWebImage: 098e97e6176540799c27e804c96653ee0833d13c
  Shimmer: c5374be1c2b0c9e292fb05b339a513cf291cac86
  SnapKit: a42d492c16e80209130a3379f73596c3454b7694
  SwiftyMarkdown: 1443d644bf94d596c457f83d669bd7f1b338ba4e
  TagListView: 61637757a45eb6ec0281b29b00ac38c38f3ab73a
  youtube-ios-player-helper: 21ab92db027c7ff86cb17a3843a3f6eafc8158d2

PODFILE CHECKSUM: 3be9cb14d6e616b735fb9f00277a6047f330b49b

COCOAPODS: 1.3.1
