// !$*UTF8*$!
{
	archiveVersion = 1;
	classes = {
	};
	objectVersion = 46;
	objects = {

/* Begin PBXBuildFile section */
		2964BECF70D5E766CDDF32FF /* Pods_SomaSole.framework in Frameworks */ = {isa = PBXBuildFile; fileRef = 10769821E015672B332BE0A5 /* Pods_SomaSole.framework */; };
		6215F3091CC9704C00E2A995 /* TagCell.swift in Sources */ = {isa = PBXBuildFile; fileRef = 6215F3081CC9704C00E2A995 /* TagCell.swift */; };
		6215F30B1CC9805900E2A995 /* WorkoutCell.swift in Sources */ = {isa = PBXBuildFile; fileRef = 6215F30A1CC9805900E2A995 /* WorkoutCell.swift */; };
		621D22AD1CB2DC3E00FE7581 /* AppDelegate.swift in Sources */ = {isa = PBXBuildFile; fileRef = 621D22AC1CB2DC3E00FE7581 /* AppDelegate.swift */; };
		621D22B11CB2DC3E00FE7581 /* ProfileViewController.swift in Sources */ = {isa = PBXBuildFile; fileRef = 621D22B01CB2DC3E00FE7581 /* ProfileViewController.swift */; };
		621D22B41CB2DC3F00FE7581 /* Main.storyboard in Resources */ = {isa = PBXBuildFile; fileRef = 621D22B21CB2DC3F00FE7581 /* Main.storyboard */; };
		621D22B61CB2DC3F00FE7581 /* Assets.xcassets in Resources */ = {isa = PBXBuildFile; fileRef = 621D22B51CB2DC3F00FE7581 /* Assets.xcassets */; };
		621D22B91CB2DC3F00FE7581 /* LaunchScreen.storyboard in Resources */ = {isa = PBXBuildFile; fileRef = 621D22B71CB2DC3F00FE7581 /* LaunchScreen.storyboard */; };
		621D22C41CB2DC3F00FE7581 /* SomaSoleTests.swift in Sources */ = {isa = PBXBuildFile; fileRef = 621D22C31CB2DC3F00FE7581 /* SomaSoleTests.swift */; };
		621D22CF1CB2DC3F00FE7581 /* SomaSoleUITests.swift in Sources */ = {isa = PBXBuildFile; fileRef = 621D22CE1CB2DC3F00FE7581 /* SomaSoleUITests.swift */; };
		621D22DD1CB2DC7C00FE7581 /* Podfile in Resources */ = {isa = PBXBuildFile; fileRef = 621D22DC1CB2DC7C00FE7581 /* Podfile */; };
		621D22ED1CB2F64000FE7581 /* RequestTrainerStatusViewController.swift in Sources */ = {isa = PBXBuildFile; fileRef = 621D22EB1CB2F64000FE7581 /* RequestTrainerStatusViewController.swift */; };
		621D22F31CB3079100FE7581 /* TrainerDetailViewController.swift in Sources */ = {isa = PBXBuildFile; fileRef = 621D22F11CB3079100FE7581 /* TrainerDetailViewController.swift */; };
		621D22F81CB31BE600FE7581 /* TrainerRequestConfirmViewController.swift in Sources */ = {isa = PBXBuildFile; fileRef = 621D22F71CB31BE600FE7581 /* TrainerRequestConfirmViewController.swift */; };
		624A94E81CB7463E00A8D21A /* LoginViewController.swift in Sources */ = {isa = PBXBuildFile; fileRef = 624A94E71CB7463E00A8D21A /* LoginViewController.swift */; };
		626063931CBAC4EF00B1AF3C /* User.swift in Sources */ = {isa = PBXBuildFile; fileRef = 626063921CBAC4EF00B1AF3C /* User.swift */; };
		626063951CBAEDEF00B1AF3C /* CreateBasicsViewController.swift in Sources */ = {isa = PBXBuildFile; fileRef = 626063941CBAEDEF00B1AF3C /* CreateBasicsViewController.swift */; };
		626063981CBB01E500B1AF3C /* PillButton.swift in Sources */ = {isa = PBXBuildFile; fileRef = 626063971CBB01E500B1AF3C /* PillButton.swift */; };
		6260639A1CBB3E5900B1AF3C /* CreateAboutViewController.swift in Sources */ = {isa = PBXBuildFile; fileRef = 626063991CBB3E5900B1AF3C /* CreateAboutViewController.swift */; };
		62738D4C1CB57823006BFF9F /* ChangeSettingViewController.swift in Sources */ = {isa = PBXBuildFile; fileRef = 62738D4B1CB57823006BFF9F /* ChangeSettingViewController.swift */; };
		627BC9E91CCE8B68008C8647 /* Workout.swift in Sources */ = {isa = PBXBuildFile; fileRef = 627BC9E81CCE8B68008C8647 /* Workout.swift */; };
		62926A951CBC33F200960F94 /* CreateLoginViewController.swift in Sources */ = {isa = PBXBuildFile; fileRef = 62926A941CBC33F200960F94 /* CreateLoginViewController.swift */; };
		62926A971CBC887700960F94 /* BasicsViewController.swift in Sources */ = {isa = PBXBuildFile; fileRef = 62926A961CBC887700960F94 /* BasicsViewController.swift */; };
		62926A991CBCA12200960F94 /* BasicViewController.swift in Sources */ = {isa = PBXBuildFile; fileRef = 62926A981CBCA12200960F94 /* BasicViewController.swift */; };
		62B1AB931CC1D6F3007069E5 /* WorkoutsViewController.swift in Sources */ = {isa = PBXBuildFile; fileRef = 62B1AB921CC1D6F3007069E5 /* WorkoutsViewController.swift */; };
		62C8413E1CC6F5D700468726 /* FilterViewController.swift in Sources */ = {isa = PBXBuildFile; fileRef = 62C8413D1CC6F5D700468726 /* FilterViewController.swift */; };
		62C9E4081CB4474E005E9F48 /* InformationQuestionsViewController.swift in Sources */ = {isa = PBXBuildFile; fileRef = 62C9E4071CB4474E005E9F48 /* InformationQuestionsViewController.swift */; };
		62C9E40E1CB44FEF005E9F48 /* PurchasesViewController.swift in Sources */ = {isa = PBXBuildFile; fileRef = 62C9E40D1CB44FEF005E9F48 /* PurchasesViewController.swift */; };
		62C9E4101CB45DC8005E9F48 /* SettingsViewController.swift in Sources */ = {isa = PBXBuildFile; fileRef = 62C9E40F1CB45DC8005E9F48 /* SettingsViewController.swift */; };
		62D640E41CD8136600D05124 /* BeginWorkoutViewController.swift in Sources */ = {isa = PBXBuildFile; fileRef = 62D640E31CD8136600D05124 /* BeginWorkoutViewController.swift */; };
		62D640E61CD82C4200D05124 /* CountdownViewController.swift in Sources */ = {isa = PBXBuildFile; fileRef = 62D640E51CD82C4200D05124 /* CountdownViewController.swift */; };
		62D640E81CD8392100D05124 /* InWorkoutViewController.swift in Sources */ = {isa = PBXBuildFile; fileRef = 62D640E71CD8392100D05124 /* InWorkoutViewController.swift */; };
		62D640EA1CD8424800D05124 /* MovementCell.swift in Sources */ = {isa = PBXBuildFile; fileRef = 62D640E91CD8424800D05124 /* MovementCell.swift */; };
/* End PBXBuildFile section */

/* Begin PBXContainerItemProxy section */
		621D22C01CB2DC3F00FE7581 /* PBXContainerItemProxy */ = {
			isa = PBXContainerItemProxy;
			containerPortal = 621D22A11CB2DC3E00FE7581 /* Project object */;
			proxyType = 1;
			remoteGlobalIDString = 621D22A81CB2DC3E00FE7581;
			remoteInfo = SomaSole;
		};
		621D22CB1CB2DC3F00FE7581 /* PBXContainerItemProxy */ = {
			isa = PBXContainerItemProxy;
			containerPortal = 621D22A11CB2DC3E00FE7581 /* Project object */;
			proxyType = 1;
			remoteGlobalIDString = 621D22A81CB2DC3E00FE7581;
			remoteInfo = SomaSole;
		};
/* End PBXContainerItemProxy section */

/* Begin PBXFileReference section */
		10769821E015672B332BE0A5 /* Pods_SomaSole.framework */ = {isa = PBXFileReference; explicitFileType = wrapper.framework; includeInIndex = 0; path = Pods_SomaSole.framework; sourceTree = BUILT_PRODUCTS_DIR; };
		442FE767159F91E46B63C384 /* Pods-SomaSole.debug.xcconfig */ = {isa = PBXFileReference; includeInIndex = 1; lastKnownFileType = text.xcconfig; name = "Pods-SomaSole.debug.xcconfig"; path = "Pods/Target Support Files/Pods-SomaSole/Pods-SomaSole.debug.xcconfig"; sourceTree = "<group>"; };
		6215F3081CC9704C00E2A995 /* TagCell.swift */ = {isa = PBXFileReference; fileEncoding = 4; lastKnownFileType = sourcecode.swift; path = TagCell.swift; sourceTree = "<group>"; };
		6215F30A1CC9805900E2A995 /* WorkoutCell.swift */ = {isa = PBXFileReference; fileEncoding = 4; lastKnownFileType = sourcecode.swift; path = WorkoutCell.swift; sourceTree = "<group>"; };
		621D22A91CB2DC3E00FE7581 /* SomaSole.app */ = {isa = PBXFileReference; explicitFileType = wrapper.application; includeInIndex = 0; path = SomaSole.app; sourceTree = BUILT_PRODUCTS_DIR; };
		621D22AC1CB2DC3E00FE7581 /* AppDelegate.swift */ = {isa = PBXFileReference; lastKnownFileType = sourcecode.swift; path = AppDelegate.swift; sourceTree = "<group>"; };
		621D22B01CB2DC3E00FE7581 /* ProfileViewController.swift */ = {isa = PBXFileReference; lastKnownFileType = sourcecode.swift; path = ProfileViewController.swift; sourceTree = "<group>"; };
		621D22B31CB2DC3F00FE7581 /* Base */ = {isa = PBXFileReference; lastKnownFileType = file.storyboard; name = Base; path = Base.lproj/Main.storyboard; sourceTree = "<group>"; };
		621D22B51CB2DC3F00FE7581 /* Assets.xcassets */ = {isa = PBXFileReference; lastKnownFileType = folder.assetcatalog; path = Assets.xcassets; sourceTree = "<group>"; };
		621D22B81CB2DC3F00FE7581 /* Base */ = {isa = PBXFileReference; lastKnownFileType = file.storyboard; name = Base; path = Base.lproj/LaunchScreen.storyboard; sourceTree = "<group>"; };
		621D22BA1CB2DC3F00FE7581 /* Info.plist */ = {isa = PBXFileReference; lastKnownFileType = text.plist.xml; path = Info.plist; sourceTree = "<group>"; };
		621D22BF1CB2DC3F00FE7581 /* SomaSoleTests.xctest */ = {isa = PBXFileReference; explicitFileType = wrapper.cfbundle; includeInIndex = 0; path = SomaSoleTests.xctest; sourceTree = BUILT_PRODUCTS_DIR; };
		621D22C31CB2DC3F00FE7581 /* SomaSoleTests.swift */ = {isa = PBXFileReference; lastKnownFileType = sourcecode.swift; path = SomaSoleTests.swift; sourceTree = "<group>"; };
		621D22C51CB2DC3F00FE7581 /* Info.plist */ = {isa = PBXFileReference; lastKnownFileType = text.plist.xml; path = Info.plist; sourceTree = "<group>"; };
		621D22CA1CB2DC3F00FE7581 /* SomaSoleUITests.xctest */ = {isa = PBXFileReference; explicitFileType = wrapper.cfbundle; includeInIndex = 0; path = SomaSoleUITests.xctest; sourceTree = BUILT_PRODUCTS_DIR; };
		621D22CE1CB2DC3F00FE7581 /* SomaSoleUITests.swift */ = {isa = PBXFileReference; lastKnownFileType = sourcecode.swift; path = SomaSoleUITests.swift; sourceTree = "<group>"; };
		621D22D01CB2DC3F00FE7581 /* Info.plist */ = {isa = PBXFileReference; lastKnownFileType = text.plist.xml; path = Info.plist; sourceTree = "<group>"; };
		621D22DC1CB2DC7C00FE7581 /* Podfile */ = {isa = PBXFileReference; fileEncoding = 4; lastKnownFileType = text; path = Podfile; sourceTree = "<group>"; xcLanguageSpecificationIdentifier = xcode.lang.ruby; };
		621D22EB1CB2F64000FE7581 /* RequestTrainerStatusViewController.swift */ = {isa = PBXFileReference; fileEncoding = 4; lastKnownFileType = sourcecode.swift; path = RequestTrainerStatusViewController.swift; sourceTree = "<group>"; };
		621D22F11CB3079100FE7581 /* TrainerDetailViewController.swift */ = {isa = PBXFileReference; fileEncoding = 4; lastKnownFileType = sourcecode.swift; path = TrainerDetailViewController.swift; sourceTree = "<group>"; };
		621D22F71CB31BE600FE7581 /* TrainerRequestConfirmViewController.swift */ = {isa = PBXFileReference; fileEncoding = 4; lastKnownFileType = sourcecode.swift; path = TrainerRequestConfirmViewController.swift; sourceTree = "<group>"; };
		624A94E71CB7463E00A8D21A /* LoginViewController.swift */ = {isa = PBXFileReference; fileEncoding = 4; lastKnownFileType = sourcecode.swift; path = LoginViewController.swift; sourceTree = "<group>"; };
		626063921CBAC4EF00B1AF3C /* User.swift */ = {isa = PBXFileReference; fileEncoding = 4; lastKnownFileType = sourcecode.swift; path = User.swift; sourceTree = "<group>"; };
		626063941CBAEDEF00B1AF3C /* CreateBasicsViewController.swift */ = {isa = PBXFileReference; fileEncoding = 4; lastKnownFileType = sourcecode.swift; path = CreateBasicsViewController.swift; sourceTree = "<group>"; };
		626063971CBB01E500B1AF3C /* PillButton.swift */ = {isa = PBXFileReference; fileEncoding = 4; lastKnownFileType = sourcecode.swift; path = PillButton.swift; sourceTree = "<group>"; };
		626063991CBB3E5900B1AF3C /* CreateAboutViewController.swift */ = {isa = PBXFileReference; fileEncoding = 4; lastKnownFileType = sourcecode.swift; path = CreateAboutViewController.swift; sourceTree = "<group>"; };
		62738D4B1CB57823006BFF9F /* ChangeSettingViewController.swift */ = {isa = PBXFileReference; fileEncoding = 4; lastKnownFileType = sourcecode.swift; path = ChangeSettingViewController.swift; sourceTree = "<group>"; };
		627BC9E81CCE8B68008C8647 /* Workout.swift */ = {isa = PBXFileReference; fileEncoding = 4; lastKnownFileType = sourcecode.swift; path = Workout.swift; sourceTree = "<group>"; };
		62926A941CBC33F200960F94 /* CreateLoginViewController.swift */ = {isa = PBXFileReference; fileEncoding = 4; lastKnownFileType = sourcecode.swift; path = CreateLoginViewController.swift; sourceTree = "<group>"; };
		62926A961CBC887700960F94 /* BasicsViewController.swift */ = {isa = PBXFileReference; fileEncoding = 4; lastKnownFileType = sourcecode.swift; path = BasicsViewController.swift; sourceTree = "<group>"; };
		62926A981CBCA12200960F94 /* BasicViewController.swift */ = {isa = PBXFileReference; fileEncoding = 4; lastKnownFileType = sourcecode.swift; path = BasicViewController.swift; sourceTree = "<group>"; };
		62B1AB921CC1D6F3007069E5 /* WorkoutsViewController.swift */ = {isa = PBXFileReference; fileEncoding = 4; lastKnownFileType = sourcecode.swift; path = WorkoutsViewController.swift; sourceTree = "<group>"; };
		62C8413D1CC6F5D700468726 /* FilterViewController.swift */ = {isa = PBXFileReference; fileEncoding = 4; lastKnownFileType = sourcecode.swift; path = FilterViewController.swift; sourceTree = "<group>"; };
		62C9E4071CB4474E005E9F48 /* InformationQuestionsViewController.swift */ = {isa = PBXFileReference; fileEncoding = 4; lastKnownFileType = sourcecode.swift; path = InformationQuestionsViewController.swift; sourceTree = "<group>"; };
		62C9E40D1CB44FEF005E9F48 /* PurchasesViewController.swift */ = {isa = PBXFileReference; fileEncoding = 4; lastKnownFileType = sourcecode.swift; path = PurchasesViewController.swift; sourceTree = "<group>"; };
		62C9E40F1CB45DC8005E9F48 /* SettingsViewController.swift */ = {isa = PBXFileReference; fileEncoding = 4; lastKnownFileType = sourcecode.swift; path = SettingsViewController.swift; sourceTree = "<group>"; };
		62D640E31CD8136600D05124 /* BeginWorkoutViewController.swift */ = {isa = PBXFileReference; fileEncoding = 4; lastKnownFileType = sourcecode.swift; path = BeginWorkoutViewController.swift; sourceTree = "<group>"; };
		62D640E51CD82C4200D05124 /* CountdownViewController.swift */ = {isa = PBXFileReference; fileEncoding = 4; lastKnownFileType = sourcecode.swift; path = CountdownViewController.swift; sourceTree = "<group>"; };
		62D640E71CD8392100D05124 /* InWorkoutViewController.swift */ = {isa = PBXFileReference; fileEncoding = 4; lastKnownFileType = sourcecode.swift; path = InWorkoutViewController.swift; sourceTree = "<group>"; };
		62D640E91CD8424800D05124 /* MovementCell.swift */ = {isa = PBXFileReference; fileEncoding = 4; lastKnownFileType = sourcecode.swift; path = MovementCell.swift; sourceTree = "<group>"; };
		6DFBD11EA5E8CEC480F43C0B /* Pods-SomaSole.release.xcconfig */ = {isa = PBXFileReference; includeInIndex = 1; lastKnownFileType = text.xcconfig; name = "Pods-SomaSole.release.xcconfig"; path = "Pods/Target Support Files/Pods-SomaSole/Pods-SomaSole.release.xcconfig"; sourceTree = "<group>"; };
/* End PBXFileReference section */

/* Begin PBXFrameworksBuildPhase section */
		621D22A61CB2DC3E00FE7581 /* Frameworks */ = {
			isa = PBXFrameworksBuildPhase;
			buildActionMask = 2147483647;
			files = (
				2964BECF70D5E766CDDF32FF /* Pods_SomaSole.framework in Frameworks */,
			);
			runOnlyForDeploymentPostprocessing = 0;
		};
		621D22BC1CB2DC3F00FE7581 /* Frameworks */ = {
			isa = PBXFrameworksBuildPhase;
			buildActionMask = 2147483647;
			files = (
			);
			runOnlyForDeploymentPostprocessing = 0;
		};
		621D22C71CB2DC3F00FE7581 /* Frameworks */ = {
			isa = PBXFrameworksBuildPhase;
			buildActionMask = 2147483647;
			files = (
			);
			runOnlyForDeploymentPostprocessing = 0;
		};
/* End PBXFrameworksBuildPhase section */

/* Begin PBXGroup section */
		13C10297EEBEF1EB32EF22E9 /* Pods */ = {
			isa = PBXGroup;
			children = (
				442FE767159F91E46B63C384 /* Pods-SomaSole.debug.xcconfig */,
				6DFBD11EA5E8CEC480F43C0B /* Pods-SomaSole.release.xcconfig */,
			);
			name = Pods;
			sourceTree = "<group>";
		};
		621D22A01CB2DC3E00FE7581 = {
			isa = PBXGroup;
			children = (
				621D22DC1CB2DC7C00FE7581 /* Podfile */,
				621D22AB1CB2DC3E00FE7581 /* SomaSole */,
				621D22C21CB2DC3F00FE7581 /* SomaSoleTests */,
				621D22CD1CB2DC3F00FE7581 /* SomaSoleUITests */,
				621D22AA1CB2DC3E00FE7581 /* Products */,
				13C10297EEBEF1EB32EF22E9 /* Pods */,
				9E5172BD2F5AD716C409A3BF /* Frameworks */,
			);
			sourceTree = "<group>";
		};
		621D22AA1CB2DC3E00FE7581 /* Products */ = {
			isa = PBXGroup;
			children = (
				621D22A91CB2DC3E00FE7581 /* SomaSole.app */,
				621D22BF1CB2DC3F00FE7581 /* SomaSoleTests.xctest */,
				621D22CA1CB2DC3F00FE7581 /* SomaSoleUITests.xctest */,
			);
			name = Products;
			sourceTree = "<group>";
		};
		621D22AB1CB2DC3E00FE7581 /* SomaSole */ = {
			isa = PBXGroup;
			children = (
				627A5B371CC1B58C0081BBFE /* UI */,
				626063911CBAC4CB00B1AF3C /* Models */,
				628DB7391CBDE4680048F09C /* Workouts */,
				621D22EF1CB2F65D00FE7581 /* Profile */,
				626063961CBAEE0000B1AF3C /* Login */,
				621D22AC1CB2DC3E00FE7581 /* AppDelegate.swift */,
				621D22B21CB2DC3F00FE7581 /* Main.storyboard */,
				621D22B51CB2DC3F00FE7581 /* Assets.xcassets */,
				621D22B71CB2DC3F00FE7581 /* LaunchScreen.storyboard */,
				621D22BA1CB2DC3F00FE7581 /* Info.plist */,
			);
			path = SomaSole;
			sourceTree = "<group>";
		};
		621D22C21CB2DC3F00FE7581 /* SomaSoleTests */ = {
			isa = PBXGroup;
			children = (
				621D22C31CB2DC3F00FE7581 /* SomaSoleTests.swift */,
				621D22C51CB2DC3F00FE7581 /* Info.plist */,
			);
			path = SomaSoleTests;
			sourceTree = "<group>";
		};
		621D22CD1CB2DC3F00FE7581 /* SomaSoleUITests */ = {
			isa = PBXGroup;
			children = (
				621D22CE1CB2DC3F00FE7581 /* SomaSoleUITests.swift */,
				621D22D01CB2DC3F00FE7581 /* Info.plist */,
			);
			path = SomaSoleUITests;
			sourceTree = "<group>";
		};
		621D22EF1CB2F65D00FE7581 /* Profile */ = {
			isa = PBXGroup;
			children = (
				62926A961CBC887700960F94 /* BasicsViewController.swift */,
				62738D4B1CB57823006BFF9F /* ChangeSettingViewController.swift */,
				62C9E4071CB4474E005E9F48 /* InformationQuestionsViewController.swift */,
				621D22B01CB2DC3E00FE7581 /* ProfileViewController.swift */,
				62C9E40D1CB44FEF005E9F48 /* PurchasesViewController.swift */,
				621D22EB1CB2F64000FE7581 /* RequestTrainerStatusViewController.swift */,
				62C9E40F1CB45DC8005E9F48 /* SettingsViewController.swift */,
				621D22F11CB3079100FE7581 /* TrainerDetailViewController.swift */,
				621D22F71CB31BE600FE7581 /* TrainerRequestConfirmViewController.swift */,
				62926A981CBCA12200960F94 /* BasicViewController.swift */,
			);
			name = Profile;
			sourceTree = "<group>";
		};
		626063911CBAC4CB00B1AF3C /* Models */ = {
			isa = PBXGroup;
			children = (
				626063921CBAC4EF00B1AF3C /* User.swift */,
				627BC9E81CCE8B68008C8647 /* Workout.swift */,
			);
			name = Models;
			sourceTree = "<group>";
		};
		626063961CBAEE0000B1AF3C /* Login */ = {
			isa = PBXGroup;
			children = (
				624A94E71CB7463E00A8D21A /* LoginViewController.swift */,
				626063941CBAEDEF00B1AF3C /* CreateBasicsViewController.swift */,
				626063991CBB3E5900B1AF3C /* CreateAboutViewController.swift */,
				62926A941CBC33F200960F94 /* CreateLoginViewController.swift */,
			);
			name = Login;
			sourceTree = "<group>";
		};
		627A5B371CC1B58C0081BBFE /* UI */ = {
			isa = PBXGroup;
			children = (
				626063971CBB01E500B1AF3C /* PillButton.swift */,
				6215F3081CC9704C00E2A995 /* TagCell.swift */,
				6215F30A1CC9805900E2A995 /* WorkoutCell.swift */,
				62D640E91CD8424800D05124 /* MovementCell.swift */,
			);
			name = UI;
			sourceTree = "<group>";
		};
		628DB7391CBDE4680048F09C /* Workouts */ = {
			isa = PBXGroup;
			children = (
				62B1AB921CC1D6F3007069E5 /* WorkoutsViewController.swift */,
				62C8413D1CC6F5D700468726 /* FilterViewController.swift */,
				62D640E31CD8136600D05124 /* BeginWorkoutViewController.swift */,
				62D640E51CD82C4200D05124 /* CountdownViewController.swift */,
				62D640E71CD8392100D05124 /* InWorkoutViewController.swift */,
			);
			name = Workouts;
			sourceTree = "<group>";
		};
		9E5172BD2F5AD716C409A3BF /* Frameworks */ = {
			isa = PBXGroup;
			children = (
				10769821E015672B332BE0A5 /* Pods_SomaSole.framework */,
			);
			name = Frameworks;
			sourceTree = "<group>";
		};
/* End PBXGroup section */

/* Begin PBXNativeTarget section */
		621D22A81CB2DC3E00FE7581 /* SomaSole */ = {
			isa = PBXNativeTarget;
			buildConfigurationList = 621D22D31CB2DC3F00FE7581 /* Build configuration list for PBXNativeTarget "SomaSole" */;
			buildPhases = (
				9003D7BCF386D9BCF1AE4A29 /* Check Pods Manifest.lock */,
				621D22A51CB2DC3E00FE7581 /* Sources */,
				621D22A61CB2DC3E00FE7581 /* Frameworks */,
				621D22A71CB2DC3E00FE7581 /* Resources */,
				8BB12ADCEFBB4472939E71A5 /* Embed Pods Frameworks */,
				CEB6C797C665E0097DE3EE6B /* Copy Pods Resources */,
			);
			buildRules = (
			);
			dependencies = (
			);
			name = SomaSole;
			productName = SomaSole;
			productReference = 621D22A91CB2DC3E00FE7581 /* SomaSole.app */;
			productType = "com.apple.product-type.application";
		};
		621D22BE1CB2DC3F00FE7581 /* SomaSoleTests */ = {
			isa = PBXNativeTarget;
			buildConfigurationList = 621D22D61CB2DC3F00FE7581 /* Build configuration list for PBXNativeTarget "SomaSoleTests" */;
			buildPhases = (
				621D22BB1CB2DC3F00FE7581 /* Sources */,
				621D22BC1CB2DC3F00FE7581 /* Frameworks */,
				621D22BD1CB2DC3F00FE7581 /* Resources */,
			);
			buildRules = (
			);
			dependencies = (
				621D22C11CB2DC3F00FE7581 /* PBXTargetDependency */,
			);
			name = SomaSoleTests;
			productName = SomaSoleTests;
			productReference = 621D22BF1CB2DC3F00FE7581 /* SomaSoleTests.xctest */;
			productType = "com.apple.product-type.bundle.unit-test";
		};
		621D22C91CB2DC3F00FE7581 /* SomaSoleUITests */ = {
			isa = PBXNativeTarget;
			buildConfigurationList = 621D22D91CB2DC3F00FE7581 /* Build configuration list for PBXNativeTarget "SomaSoleUITests" */;
			buildPhases = (
				621D22C61CB2DC3F00FE7581 /* Sources */,
				621D22C71CB2DC3F00FE7581 /* Frameworks */,
				621D22C81CB2DC3F00FE7581 /* Resources */,
			);
			buildRules = (
			);
			dependencies = (
				621D22CC1CB2DC3F00FE7581 /* PBXTargetDependency */,
			);
			name = SomaSoleUITests;
			productName = SomaSoleUITests;
			productReference = 621D22CA1CB2DC3F00FE7581 /* SomaSoleUITests.xctest */;
			productType = "com.apple.product-type.bundle.ui-testing";
		};
/* End PBXNativeTarget section */

/* Begin PBXProject section */
		621D22A11CB2DC3E00FE7581 /* Project object */ = {
			isa = PBXProject;
			attributes = {
				LastSwiftUpdateCheck = 0720;
				LastUpgradeCheck = 0720;
				ORGANIZATIONNAME = SomaSole;
				TargetAttributes = {
					621D22A81CB2DC3E00FE7581 = {
						CreatedOnToolsVersion = 7.2;
						DevelopmentTeam = L58EF955F5;
					};
					621D22BE1CB2DC3F00FE7581 = {
						CreatedOnToolsVersion = 7.2;
						DevelopmentTeam = L58EF955F5;
						TestTargetID = 621D22A81CB2DC3E00FE7581;
					};
					621D22C91CB2DC3F00FE7581 = {
						CreatedOnToolsVersion = 7.2;
						DevelopmentTeam = L58EF955F5;
						TestTargetID = 621D22A81CB2DC3E00FE7581;
					};
				};
			};
			buildConfigurationList = 621D22A41CB2DC3E00FE7581 /* Build configuration list for PBXProject "SomaSole" */;
			compatibilityVersion = "Xcode 3.2";
			developmentRegion = English;
			hasScannedForEncodings = 0;
			knownRegions = (
				en,
				Base,
			);
			mainGroup = 621D22A01CB2DC3E00FE7581;
			productRefGroup = 621D22AA1CB2DC3E00FE7581 /* Products */;
			projectDirPath = "";
			projectRoot = "";
			targets = (
				621D22A81CB2DC3E00FE7581 /* SomaSole */,
				621D22BE1CB2DC3F00FE7581 /* SomaSoleTests */,
				621D22C91CB2DC3F00FE7581 /* SomaSoleUITests */,
			);
		};
/* End PBXProject section */

/* Begin PBXResourcesBuildPhase section */
		621D22A71CB2DC3E00FE7581 /* Resources */ = {
			isa = PBXResourcesBuildPhase;
			buildActionMask = 2147483647;
			files = (
				621D22B91CB2DC3F00FE7581 /* LaunchScreen.storyboard in Resources */,
				621D22B61CB2DC3F00FE7581 /* Assets.xcassets in Resources */,
				621D22DD1CB2DC7C00FE7581 /* Podfile in Resources */,
				621D22B41CB2DC3F00FE7581 /* Main.storyboard in Resources */,
			);
			runOnlyForDeploymentPostprocessing = 0;
		};
		621D22BD1CB2DC3F00FE7581 /* Resources */ = {
			isa = PBXResourcesBuildPhase;
			buildActionMask = 2147483647;
			files = (
			);
			runOnlyForDeploymentPostprocessing = 0;
		};
		621D22C81CB2DC3F00FE7581 /* Resources */ = {
			isa = PBXResourcesBuildPhase;
			buildActionMask = 2147483647;
			files = (
			);
			runOnlyForDeploymentPostprocessing = 0;
		};
/* End PBXResourcesBuildPhase section */

/* Begin PBXShellScriptBuildPhase section */
		8BB12ADCEFBB4472939E71A5 /* Embed Pods Frameworks */ = {
			isa = PBXShellScriptBuildPhase;
			buildActionMask = 2147483647;
			files = (
			);
			inputPaths = (
			);
			name = "Embed Pods Frameworks";
			outputPaths = (
			);
			runOnlyForDeploymentPostprocessing = 0;
			shellPath = /bin/sh;
			shellScript = "\"${SRCROOT}/Pods/Target Support Files/Pods-SomaSole/Pods-SomaSole-frameworks.sh\"\n";
			showEnvVarsInLog = 0;
		};
		9003D7BCF386D9BCF1AE4A29 /* Check Pods Manifest.lock */ = {
			isa = PBXShellScriptBuildPhase;
			buildActionMask = 2147483647;
			files = (
			);
			inputPaths = (
			);
			name = "Check Pods Manifest.lock";
			outputPaths = (
			);
			runOnlyForDeploymentPostprocessing = 0;
			shellPath = /bin/sh;
			shellScript = "diff \"${PODS_ROOT}/../Podfile.lock\" \"${PODS_ROOT}/Manifest.lock\" > /dev/null\nif [[ $? != 0 ]] ; then\n    cat << EOM\nerror: The sandbox is not in sync with the Podfile.lock. Run 'pod install' or update your CocoaPods installation.\nEOM\n    exit 1\nfi\n";
			showEnvVarsInLog = 0;
		};
		CEB6C797C665E0097DE3EE6B /* Copy Pods Resources */ = {
			isa = PBXShellScriptBuildPhase;
			buildActionMask = 2147483647;
			files = (
			);
			inputPaths = (
			);
			name = "Copy Pods Resources";
			outputPaths = (
			);
			runOnlyForDeploymentPostprocessing = 0;
			shellPath = /bin/sh;
			shellScript = "\"${SRCROOT}/Pods/Target Support Files/Pods-SomaSole/Pods-SomaSole-resources.sh\"\n";
			showEnvVarsInLog = 0;
		};
/* End PBXShellScriptBuildPhase section */

/* Begin PBXSourcesBuildPhase section */
		621D22A51CB2DC3E00FE7581 /* Sources */ = {
			isa = PBXSourcesBuildPhase;
			buildActionMask = 2147483647;
			files = (
				62D640E61CD82C4200D05124 /* CountdownViewController.swift in Sources */,
				626063981CBB01E500B1AF3C /* PillButton.swift in Sources */,
				62926A991CBCA12200960F94 /* BasicViewController.swift in Sources */,
				626063931CBAC4EF00B1AF3C /* User.swift in Sources */,
				624A94E81CB7463E00A8D21A /* LoginViewController.swift in Sources */,
				626063951CBAEDEF00B1AF3C /* CreateBasicsViewController.swift in Sources */,
				62C9E40E1CB44FEF005E9F48 /* PurchasesViewController.swift in Sources */,
				621D22B11CB2DC3E00FE7581 /* ProfileViewController.swift in Sources */,
				62C9E4101CB45DC8005E9F48 /* SettingsViewController.swift in Sources */,
				62B1AB931CC1D6F3007069E5 /* WorkoutsViewController.swift in Sources */,
				6260639A1CBB3E5900B1AF3C /* CreateAboutViewController.swift in Sources */,
				62926A971CBC887700960F94 /* BasicsViewController.swift in Sources */,
				62D640EA1CD8424800D05124 /* MovementCell.swift in Sources */,
				621D22AD1CB2DC3E00FE7581 /* AppDelegate.swift in Sources */,
				6215F3091CC9704C00E2A995 /* TagCell.swift in Sources */,
				62C9E4081CB4474E005E9F48 /* InformationQuestionsViewController.swift in Sources */,
				62C8413E1CC6F5D700468726 /* FilterViewController.swift in Sources */,
				6215F30B1CC9805900E2A995 /* WorkoutCell.swift in Sources */,
				621D22F31CB3079100FE7581 /* TrainerDetailViewController.swift in Sources */,
				627BC9E91CCE8B68008C8647 /* Workout.swift in Sources */,
				62926A951CBC33F200960F94 /* CreateLoginViewController.swift in Sources */,
				621D22ED1CB2F64000FE7581 /* RequestTrainerStatusViewController.swift in Sources */,
				62D640E41CD8136600D05124 /* BeginWorkoutViewController.swift in Sources */,
				62738D4C1CB57823006BFF9F /* ChangeSettingViewController.swift in Sources */,
				621D22F81CB31BE600FE7581 /* TrainerRequestConfirmViewController.swift in Sources */,
				62D640E81CD8392100D05124 /* InWorkoutViewController.swift in Sources */,
			);
			runOnlyForDeploymentPostprocessing = 0;
		};
		621D22BB1CB2DC3F00FE7581 /* Sources */ = {
			isa = PBXSourcesBuildPhase;
			buildActionMask = 2147483647;
			files = (
				621D22C41CB2DC3F00FE7581 /* SomaSoleTests.swift in Sources */,
			);
			runOnlyForDeploymentPostprocessing = 0;
		};
		621D22C61CB2DC3F00FE7581 /* Sources */ = {
			isa = PBXSourcesBuildPhase;
			buildActionMask = 2147483647;
			files = (
				621D22CF1CB2DC3F00FE7581 /* SomaSoleUITests.swift in Sources */,
			);
			runOnlyForDeploymentPostprocessing = 0;
		};
/* End PBXSourcesBuildPhase section */

/* Begin PBXTargetDependency section */
		621D22C11CB2DC3F00FE7581 /* PBXTargetDependency */ = {
			isa = PBXTargetDependency;
			target = 621D22A81CB2DC3E00FE7581 /* SomaSole */;
			targetProxy = 621D22C01CB2DC3F00FE7581 /* PBXContainerItemProxy */;
		};
		621D22CC1CB2DC3F00FE7581 /* PBXTargetDependency */ = {
			isa = PBXTargetDependency;
			target = 621D22A81CB2DC3E00FE7581 /* SomaSole */;
			targetProxy = 621D22CB1CB2DC3F00FE7581 /* PBXContainerItemProxy */;
		};
/* End PBXTargetDependency section */

/* Begin PBXVariantGroup section */
		621D22B21CB2DC3F00FE7581 /* Main.storyboard */ = {
			isa = PBXVariantGroup;
			children = (
				621D22B31CB2DC3F00FE7581 /* Base */,
			);
			name = Main.storyboard;
			sourceTree = "<group>";
		};
		621D22B71CB2DC3F00FE7581 /* LaunchScreen.storyboard */ = {
			isa = PBXVariantGroup;
			children = (
				621D22B81CB2DC3F00FE7581 /* Base */,
			);
			name = LaunchScreen.storyboard;
			sourceTree = "<group>";
		};
/* End PBXVariantGroup section */

/* Begin XCBuildConfiguration section */
		621D22D11CB2DC3F00FE7581 /* Debug */ = {
			isa = XCBuildConfiguration;
			buildSettings = {
				ALWAYS_SEARCH_USER_PATHS = NO;
				CLANG_CXX_LANGUAGE_STANDARD = "gnu++0x";
				CLANG_CXX_LIBRARY = "libc++";
				CLANG_ENABLE_MODULES = YES;
				CLANG_ENABLE_OBJC_ARC = YES;
				CLANG_WARN_BOOL_CONVERSION = YES;
				CLANG_WARN_CONSTANT_CONVERSION = YES;
				CLANG_WARN_DIRECT_OBJC_ISA_USAGE = YES_ERROR;
				CLANG_WARN_EMPTY_BODY = YES;
				CLANG_WARN_ENUM_CONVERSION = YES;
				CLANG_WARN_INT_CONVERSION = YES;
				CLANG_WARN_OBJC_ROOT_CLASS = YES_ERROR;
				CLANG_WARN_UNREACHABLE_CODE = YES;
				CLANG_WARN__DUPLICATE_METHOD_MATCH = YES;
				"CODE_SIGN_IDENTITY[sdk=iphoneos*]" = "iPhone Developer";
				COPY_PHASE_STRIP = NO;
				DEBUG_INFORMATION_FORMAT = dwarf;
				ENABLE_STRICT_OBJC_MSGSEND = YES;
				ENABLE_TESTABILITY = YES;
				GCC_C_LANGUAGE_STANDARD = gnu99;
				GCC_DYNAMIC_NO_PIC = NO;
				GCC_NO_COMMON_BLOCKS = YES;
				GCC_OPTIMIZATION_LEVEL = 0;
				GCC_PREPROCESSOR_DEFINITIONS = (
					"DEBUG=1",
					"$(inherited)",
				);
				GCC_WARN_64_TO_32_BIT_CONVERSION = YES;
				GCC_WARN_ABOUT_RETURN_TYPE = YES_ERROR;
				GCC_WARN_UNDECLARED_SELECTOR = YES;
				GCC_WARN_UNINITIALIZED_AUTOS = YES_AGGRESSIVE;
				GCC_WARN_UNUSED_FUNCTION = YES;
				GCC_WARN_UNUSED_VARIABLE = YES;
				IPHONEOS_DEPLOYMENT_TARGET = 9.2;
				MTL_ENABLE_DEBUG_INFO = YES;
				ONLY_ACTIVE_ARCH = YES;
				SDKROOT = iphoneos;
				SWIFT_OPTIMIZATION_LEVEL = "-Onone";
				TARGETED_DEVICE_FAMILY = "1,2";
			};
			name = Debug;
		};
		621D22D21CB2DC3F00FE7581 /* Release */ = {
			isa = XCBuildConfiguration;
			buildSettings = {
				ALWAYS_SEARCH_USER_PATHS = NO;
				CLANG_CXX_LANGUAGE_STANDARD = "gnu++0x";
				CLANG_CXX_LIBRARY = "libc++";
				CLANG_ENABLE_MODULES = YES;
				CLANG_ENABLE_OBJC_ARC = YES;
				CLANG_WARN_BOOL_CONVERSION = YES;
				CLANG_WARN_CONSTANT_CONVERSION = YES;
				CLANG_WARN_DIRECT_OBJC_ISA_USAGE = YES_ERROR;
				CLANG_WARN_EMPTY_BODY = YES;
				CLANG_WARN_ENUM_CONVERSION = YES;
				CLANG_WARN_INT_CONVERSION = YES;
				CLANG_WARN_OBJC_ROOT_CLASS = YES_ERROR;
				CLANG_WARN_UNREACHABLE_CODE = YES;
				CLANG_WARN__DUPLICATE_METHOD_MATCH = YES;
				"CODE_SIGN_IDENTITY[sdk=iphoneos*]" = "iPhone Developer";
				COPY_PHASE_STRIP = NO;
				DEBUG_INFORMATION_FORMAT = "dwarf-with-dsym";
				ENABLE_NS_ASSERTIONS = NO;
				ENABLE_STRICT_OBJC_MSGSEND = YES;
				GCC_C_LANGUAGE_STANDARD = gnu99;
				GCC_NO_COMMON_BLOCKS = YES;
				GCC_WARN_64_TO_32_BIT_CONVERSION = YES;
				GCC_WARN_ABOUT_RETURN_TYPE = YES_ERROR;
				GCC_WARN_UNDECLARED_SELECTOR = YES;
				GCC_WARN_UNINITIALIZED_AUTOS = YES_AGGRESSIVE;
				GCC_WARN_UNUSED_FUNCTION = YES;
				GCC_WARN_UNUSED_VARIABLE = YES;
				IPHONEOS_DEPLOYMENT_TARGET = 9.2;
				MTL_ENABLE_DEBUG_INFO = NO;
				SDKROOT = iphoneos;
				TARGETED_DEVICE_FAMILY = "1,2";
				VALIDATE_PRODUCT = YES;
			};
			name = Release;
		};
		621D22D41CB2DC3F00FE7581 /* Debug */ = {
			isa = XCBuildConfiguration;
			baseConfigurationReference = 442FE767159F91E46B63C384 /* Pods-SomaSole.debug.xcconfig */;
			buildSettings = {
				ASSETCATALOG_COMPILER_APPICON_NAME = AppIcon;
				INFOPLIST_FILE = SomaSole/Info.plist;
				IPHONEOS_DEPLOYMENT_TARGET = 9.2;
				LD_RUNPATH_SEARCH_PATHS = "$(inherited) @executable_path/Frameworks";
				PRODUCT_BUNDLE_IDENTIFIER = com.SomaSole.SomaSole;
				PRODUCT_NAME = "$(TARGET_NAME)";
			};
			name = Debug;
		};
		621D22D51CB2DC3F00FE7581 /* Release */ = {
			isa = XCBuildConfiguration;
			baseConfigurationReference = 6DFBD11EA5E8CEC480F43C0B /* Pods-SomaSole.release.xcconfig */;
			buildSettings = {
				ASSETCATALOG_COMPILER_APPICON_NAME = AppIcon;
				INFOPLIST_FILE = SomaSole/Info.plist;
				IPHONEOS_DEPLOYMENT_TARGET = 9.2;
				LD_RUNPATH_SEARCH_PATHS = "$(inherited) @executable_path/Frameworks";
				PRODUCT_BUNDLE_IDENTIFIER = com.SomaSole.SomaSole;
				PRODUCT_NAME = "$(TARGET_NAME)";
			};
			name = Release;
		};
		621D22D71CB2DC3F00FE7581 /* Debug */ = {
			isa = XCBuildConfiguration;
			buildSettings = {
				BUNDLE_LOADER = "$(TEST_HOST)";
				INFOPLIST_FILE = SomaSoleTests/Info.plist;
				LD_RUNPATH_SEARCH_PATHS = "$(inherited) @executable_path/Frameworks @loader_path/Frameworks";
				PRODUCT_BUNDLE_IDENTIFIER = com.SomaSole.SomaSoleTests;
				PRODUCT_NAME = "$(TARGET_NAME)";
				TEST_HOST = "$(BUILT_PRODUCTS_DIR)/SomaSole.app/SomaSole";
			};
			name = Debug;
		};
		621D22D81CB2DC3F00FE7581 /* Release */ = {
			isa = XCBuildConfiguration;
			buildSettings = {
				BUNDLE_LOADER = "$(TEST_HOST)";
				INFOPLIST_FILE = SomaSoleTests/Info.plist;
				LD_RUNPATH_SEARCH_PATHS = "$(inherited) @executable_path/Frameworks @loader_path/Frameworks";
				PRODUCT_BUNDLE_IDENTIFIER = com.SomaSole.SomaSoleTests;
				PRODUCT_NAME = "$(TARGET_NAME)";
				TEST_HOST = "$(BUILT_PRODUCTS_DIR)/SomaSole.app/SomaSole";
			};
			name = Release;
		};
		621D22DA1CB2DC3F00FE7581 /* Debug */ = {
			isa = XCBuildConfiguration;
			buildSettings = {
				INFOPLIST_FILE = SomaSoleUITests/Info.plist;
				LD_RUNPATH_SEARCH_PATHS = "$(inherited) @executable_path/Frameworks @loader_path/Frameworks";
				PRODUCT_BUNDLE_IDENTIFIER = com.SomaSole.SomaSoleUITests;
				PRODUCT_NAME = "$(TARGET_NAME)";
				TEST_TARGET_NAME = SomaSole;
				USES_XCTRUNNER = YES;
			};
			name = Debug;
		};
		621D22DB1CB2DC3F00FE7581 /* Release */ = {
			isa = XCBuildConfiguration;
			buildSettings = {
				INFOPLIST_FILE = SomaSoleUITests/Info.plist;
				LD_RUNPATH_SEARCH_PATHS = "$(inherited) @executable_path/Frameworks @loader_path/Frameworks";
				PRODUCT_BUNDLE_IDENTIFIER = com.SomaSole.SomaSoleUITests;
				PRODUCT_NAME = "$(TARGET_NAME)";
				TEST_TARGET_NAME = SomaSole;
				USES_XCTRUNNER = YES;
			};
			name = Release;
		};
/* End XCBuildConfiguration section */

/* Begin XCConfigurationList section */
		621D22A41CB2DC3E00FE7581 /* Build configuration list for PBXProject "SomaSole" */ = {
			isa = XCConfigurationList;
			buildConfigurations = (
				621D22D11CB2DC3F00FE7581 /* Debug */,
				621D22D21CB2DC3F00FE7581 /* Release */,
			);
			defaultConfigurationIsVisible = 0;
			defaultConfigurationName = Release;
		};
		621D22D31CB2DC3F00FE7581 /* Build configuration list for PBXNativeTarget "SomaSole" */ = {
			isa = XCConfigurationList;
			buildConfigurations = (
				621D22D41CB2DC3F00FE7581 /* Debug */,
				621D22D51CB2DC3F00FE7581 /* Release */,
			);
			defaultConfigurationIsVisible = 0;
			defaultConfigurationName = Release;
		};
		621D22D61CB2DC3F00FE7581 /* Build configuration list for PBXNativeTarget "SomaSoleTests" */ = {
			isa = XCConfigurationList;
			buildConfigurations = (
				621D22D71CB2DC3F00FE7581 /* Debug */,
				621D22D81CB2DC3F00FE7581 /* Release */,
			);
			defaultConfigurationIsVisible = 0;
			defaultConfigurationName = Release;
		};
		621D22D91CB2DC3F00FE7581 /* Build configuration list for PBXNativeTarget "SomaSoleUITests" */ = {
			isa = XCConfigurationList;
			buildConfigurations = (
				621D22DA1CB2DC3F00FE7581 /* Debug */,
				621D22DB1CB2DC3F00FE7581 /* Release */,
			);
			defaultConfigurationIsVisible = 0;
			defaultConfigurationName = Release;
		};
/* End XCConfigurationList section */
	};
	rootObject = 621D22A11CB2DC3E00FE7581 /* Project object */;
}
